
Microsoft Visual Studio Solution File, Format Version 12.00
# Visual Studio Version 16
VisualStudioVersion = 16.0.29613.14
MinimumVisualStudioVersion = 10.0.40219.1
Project("{FAE04EC0-301F-11D3-BF4B-00C04F79EFBC}") = "LocalMonoDebugger", "LocalMonoDebugger\LocalMonoDebugger.csproj", "{26548757-07C4-4A97-B849-8F7F6212F1A3}"
EndProject
Project("{2150E333-8FDC-42A3-9474-1A3956D46DE8}") = "Solution Items", "Solution Items", "{485866E0-ECFD-41B2-A44B-7AA43AAE7FA7}"
EndProject
Project("{2150E333-8FDC-42A3-9474-1A3956D46DE8}") = "Debugger Libs", "Debugger Libs", "{014D0DF9-232C-424A-9E87-56A02FE5FB32}"
	ProjectSection(SolutionItems) = preProject
		Mono.Debugging.overrides = Mono.Debugging.overrides
	EndProjectSection
EndProject
Project("{FAE04EC0-301F-11D3-BF4B-00C04F79EFBC}") = "Mono.Debugger.Soft", "debugger-libs\Mono.Debugger.Soft\Mono.Debugger.Soft.csproj", "{372E8E3E-29D5-4B4D-88A2-4711CD628C4E}"
EndProject
Project("{FAE04EC0-301F-11D3-BF4B-00C04F79EFBC}") = "Mono.Debugging", "debugger-libs\Mono.Debugging\Mono.Debugging.csproj", "{90C99ADB-7D4B-4EB4-98C2-40BD1B14C7D2}"
EndProject
Project("{FAE04EC0-301F-11D3-BF4B-00C04F79EFBC}") = "Mono.Debugging.Soft", "debugger-libs\Mono.Debugging.Soft\Mono.Debugging.Soft.csproj", "{DE40756E-57F6-4AF2-B155-55E3A88CCED8}"
EndProject
Project("{2150E333-8FDC-42A3-9474-1A3956D46DE8}") = "NRefactory", "NRefactory", "{EDDF971A-CA3D-451E-891A-9553C588A27E}"
EndProject
Project("{FAE04EC0-301F-11D3-BF4B-00C04F79EFBC}") = "ICSharpCode.NRefactory", "NRefactory\ICSharpCode.NRefactory\ICSharpCode.NRefactory.csproj", "{3B2A5653-EC97-4001-BB9B-D90F1AF2C371}"
EndProject
Project("{FAE04EC0-301F-11D3-BF4B-00C04F79EFBC}") = "ICSharpCode.NRefactory.Cecil", "NRefactory\ICSharpCode.NRefactory.Cecil\ICSharpCode.NRefactory.Cecil.csproj", "{2B8F4F83-C2B3-4E84-A27B-8DEE1BE0E006}"
EndProject
Project("{FAE04EC0-301F-11D3-BF4B-00C04F79EFBC}") = "ICSharpCode.NRefactory.CSharp", "NRefactory\ICSharpCode.NRefactory.CSharp\ICSharpCode.NRefactory.CSharp.csproj", "{53DCA265-3C3C-42F9-B647-F72BA678122B}"
EndProject
Project("{FAE04EC0-301F-11D3-BF4B-00C04F79EFBC}") = "Mono.Debugging.VisualStudio", "Mono.Debugging.VisualStudio\Mono.Debugging.VisualStudio\Mono.Debugging.VisualStudio.csproj", "{DF69EC58-47DD-4741-B7A3-9E1876016428}"
EndProject
Project("{FAE04EC0-301F-11D3-BF4B-00C04F79EFBC}") = "Mono.Debugging.VisualStudio.Vsix", "Mono.Debugging.VisualStudio\Mono.Debugging.VisualStudio.Vsix\Mono.Debugging.VisualStudio.Vsix.csproj", "{DF69EC58-47DD-4741-B7A3-9E1876016429}"
EndProject
Global
	GlobalSection(SolutionConfigurationPlatforms) = preSolution
		Debug|Any CPU = Debug|Any CPU
		net_4_5_Debug|Any CPU = net_4_5_Debug|Any CPU
		net_4_5_Release|Any CPU = net_4_5_Release|Any CPU
		Release|Any CPU = Release|Any CPU
	EndGlobalSection
	GlobalSection(ProjectConfigurationPlatforms) = postSolution
		{26548757-07C4-4A97-B849-8F7F6212F1A3}.Debug|Any CPU.ActiveCfg = Debug|Any CPU
		{26548757-07C4-4A97-B849-8F7F6212F1A3}.Debug|Any CPU.Build.0 = Debug|Any CPU
		{26548757-07C4-4A97-B849-8F7F6212F1A3}.net_4_5_Debug|Any CPU.ActiveCfg = Debug|Any CPU
		{26548757-07C4-4A97-B849-8F7F6212F1A3}.net_4_5_Debug|Any CPU.Build.0 = Debug|Any CPU
		{26548757-07C4-4A97-B849-8F7F6212F1A3}.net_4_5_Release|Any CPU.ActiveCfg = Release|Any CPU
		{26548757-07C4-4A97-B849-8F7F6212F1A3}.net_4_5_Release|Any CPU.Build.0 = Release|Any CPU
		{26548757-07C4-4A97-B849-8F7F6212F1A3}.Release|Any CPU.ActiveCfg = Release|Any CPU
		{26548757-07C4-4A97-B849-8F7F6212F1A3}.Release|Any CPU.Build.0 = Release|Any CPU
		{372E8E3E-29D5-4B4D-88A2-4711CD628C4E}.Debug|Any CPU.ActiveCfg = Debug|Any CPU
		{372E8E3E-29D5-4B4D-88A2-4711CD628C4E}.Debug|Any CPU.Build.0 = Debug|Any CPU
		{372E8E3E-29D5-4B4D-88A2-4711CD628C4E}.net_4_5_Debug|Any CPU.ActiveCfg = Debug|Any CPU
		{372E8E3E-29D5-4B4D-88A2-4711CD628C4E}.net_4_5_Debug|Any CPU.Build.0 = Debug|Any CPU
		{372E8E3E-29D5-4B4D-88A2-4711CD628C4E}.net_4_5_Release|Any CPU.ActiveCfg = Release|Any CPU
		{372E8E3E-29D5-4B4D-88A2-4711CD628C4E}.net_4_5_Release|Any CPU.Build.0 = Release|Any CPU
		{372E8E3E-29D5-4B4D-88A2-4711CD628C4E}.Release|Any CPU.ActiveCfg = Release|Any CPU
		{372E8E3E-29D5-4B4D-88A2-4711CD628C4E}.Release|Any CPU.Build.0 = Release|Any CPU
		{90C99ADB-7D4B-4EB4-98C2-40BD1B14C7D2}.Debug|Any CPU.ActiveCfg = Debug|Any CPU
		{90C99ADB-7D4B-4EB4-98C2-40BD1B14C7D2}.Debug|Any CPU.Build.0 = Debug|Any CPU
		{90C99ADB-7D4B-4EB4-98C2-40BD1B14C7D2}.net_4_5_Debug|Any CPU.ActiveCfg = Debug|Any CPU
		{90C99ADB-7D4B-4EB4-98C2-40BD1B14C7D2}.net_4_5_Debug|Any CPU.Build.0 = Debug|Any CPU
		{90C99ADB-7D4B-4EB4-98C2-40BD1B14C7D2}.net_4_5_Release|Any CPU.ActiveCfg = Release|Any CPU
		{90C99ADB-7D4B-4EB4-98C2-40BD1B14C7D2}.net_4_5_Release|Any CPU.Build.0 = Release|Any CPU
		{90C99ADB-7D4B-4EB4-98C2-40BD1B14C7D2}.Release|Any CPU.ActiveCfg = Release|Any CPU
		{90C99ADB-7D4B-4EB4-98C2-40BD1B14C7D2}.Release|Any CPU.Build.0 = Release|Any CPU
		{DE40756E-57F6-4AF2-B155-55E3A88CCED8}.Debug|Any CPU.ActiveCfg = Debug|Any CPU
		{DE40756E-57F6-4AF2-B155-55E3A88CCED8}.Debug|Any CPU.Build.0 = Debug|Any CPU
		{DE40756E-57F6-4AF2-B155-55E3A88CCED8}.net_4_5_Debug|Any CPU.ActiveCfg = Debug|Any CPU
		{DE40756E-57F6-4AF2-B155-55E3A88CCED8}.net_4_5_Debug|Any CPU.Build.0 = Debug|Any CPU
		{DE40756E-57F6-4AF2-B155-55E3A88CCED8}.net_4_5_Release|Any CPU.ActiveCfg = Release|Any CPU
		{DE40756E-57F6-4AF2-B155-55E3A88CCED8}.net_4_5_Release|Any CPU.Build.0 = Release|Any CPU
		{DE40756E-57F6-4AF2-B155-55E3A88CCED8}.Release|Any CPU.ActiveCfg = Release|Any CPU
		{DE40756E-57F6-4AF2-B155-55E3A88CCED8}.Release|Any CPU.Build.0 = Release|Any CPU
		{3B2A5653-EC97-4001-BB9B-D90F1AF2C371}.Debug|Any CPU.ActiveCfg = Debug|Any CPU
		{3B2A5653-EC97-4001-BB9B-D90F1AF2C371}.Debug|Any CPU.Build.0 = Debug|Any CPU
		{3B2A5653-EC97-4001-BB9B-D90F1AF2C371}.net_4_5_Debug|Any CPU.ActiveCfg = net_4_5_Debug|Any CPU
		{3B2A5653-EC97-4001-BB9B-D90F1AF2C371}.net_4_5_Debug|Any CPU.Build.0 = net_4_5_Debug|Any CPU
		{3B2A5653-EC97-4001-BB9B-D90F1AF2C371}.net_4_5_Release|Any CPU.ActiveCfg = net_4_5_Release|Any CPU
		{3B2A5653-EC97-4001-BB9B-D90F1AF2C371}.net_4_5_Release|Any CPU.Build.0 = net_4_5_Release|Any CPU
		{3B2A5653-EC97-4001-BB9B-D90F1AF2C371}.Release|Any CPU.ActiveCfg = Release|Any CPU
		{3B2A5653-EC97-4001-BB9B-D90F1AF2C371}.Release|Any CPU.Build.0 = Release|Any CPU
		{2B8F4F83-C2B3-4E84-A27B-8DEE1BE0E006}.Debug|Any CPU.ActiveCfg = Debug|Any CPU
		{2B8F4F83-C2B3-4E84-A27B-8DEE1BE0E006}.Debug|Any CPU.Build.0 = Debug|Any CPU
		{2B8F4F83-C2B3-4E84-A27B-8DEE1BE0E006}.net_4_5_Debug|Any CPU.ActiveCfg = net_4_5_Debug|Any CPU
		{2B8F4F83-C2B3-4E84-A27B-8DEE1BE0E006}.net_4_5_Debug|Any CPU.Build.0 = net_4_5_Debug|Any CPU
		{2B8F4F83-C2B3-4E84-A27B-8DEE1BE0E006}.net_4_5_Release|Any CPU.ActiveCfg = net_4_5_Release|Any CPU
		{2B8F4F83-C2B3-4E84-A27B-8DEE1BE0E006}.net_4_5_Release|Any CPU.Build.0 = net_4_5_Release|Any CPU
		{2B8F4F83-C2B3-4E84-A27B-8DEE1BE0E006}.Release|Any CPU.ActiveCfg = Release|Any CPU
		{2B8F4F83-C2B3-4E84-A27B-8DEE1BE0E006}.Release|Any CPU.Build.0 = Release|Any CPU
		{53DCA265-3C3C-42F9-B647-F72BA678122B}.Debug|Any CPU.ActiveCfg = Debug|Any CPU
		{53DCA265-3C3C-42F9-B647-F72BA678122B}.Debug|Any CPU.Build.0 = Debug|Any CPU
		{53DCA265-3C3C-42F9-B647-F72BA678122B}.net_4_5_Debug|Any CPU.ActiveCfg = net_4_5_Debug|Any CPU
		{53DCA265-3C3C-42F9-B647-F72BA678122B}.net_4_5_Debug|Any CPU.Build.0 = net_4_5_Debug|Any CPU
		{53DCA265-3C3C-42F9-B647-F72BA678122B}.net_4_5_Release|Any CPU.ActiveCfg = net_4_5_Release|Any CPU
		{53DCA265-3C3C-42F9-B647-F72BA678122B}.net_4_5_Release|Any CPU.Build.0 = net_4_5_Release|Any CPU
		{53DCA265-3C3C-42F9-B647-F72BA678122B}.Release|Any CPU.ActiveCfg = Release|Any CPU
		{53DCA265-3C3C-42F9-B647-F72BA678122B}.Release|Any CPU.Build.0 = Release|Any CPU
		{DF69EC58-47DD-4741-B7A3-9E1876016428}.Debug|Any CPU.ActiveCfg = Debug|Any CPU
		{DF69EC58-47DD-4741-B7A3-9E1876016428}.Debug|Any CPU.Build.0 = Debug|Any CPU
		{DF69EC58-47DD-4741-B7A3-9E1876016428}.net_4_5_Debug|Any CPU.ActiveCfg = Debug|Any CPU
		{DF69EC58-47DD-4741-B7A3-9E1876016428}.net_4_5_Debug|Any CPU.Build.0 = Debug|Any CPU
		{DF69EC58-47DD-4741-B7A3-9E1876016428}.net_4_5_Release|Any CPU.ActiveCfg = Release|Any CPU
		{DF69EC58-47DD-4741-B7A3-9E1876016428}.net_4_5_Release|Any CPU.Build.0 = Release|Any CPU
		{DF69EC58-47DD-4741-B7A3-9E1876016428}.Release|Any CPU.ActiveCfg = Release|Any CPU
		{DF69EC58-47DD-4741-B7A3-9E1876016428}.Release|Any CPU.Build.0 = Release|Any CPU
		{DF69EC58-47DD-4741-B7A3-9E1876016429}.Debug|Any CPU.ActiveCfg = Debug|Any CPU
		{DF69EC58-47DD-4741-B7A3-9E1876016429}.Debug|Any CPU.Build.0 = Debug|Any CPU
		{DF69EC58-47DD-4741-B7A3-9E1876016429}.net_4_5_Debug|Any CPU.ActiveCfg = Debug|Any CPU
		{DF69EC58-47DD-4741-B7A3-9E1876016429}.net_4_5_Debug|Any CPU.Build.0 = Debug|Any CPU
		{DF69EC58-47DD-4741-B7A3-9E1876016429}.net_4_5_Release|Any CPU.ActiveCfg = Release|Any CPU
		{DF69EC58-47DD-4741-B7A3-9E1876016429}.net_4_5_Release|Any CPU.Build.0 = Release|Any CPU
		{DF69EC58-47DD-4741-B7A3-9E1876016429}.Release|Any CPU.ActiveCfg = Release|Any CPU
		{DF69EC58-47DD-4741-B7A3-9E1876016429}.Release|Any CPU.Build.0 = Release|Any CPU
	EndGlobalSection
	GlobalSection(SolutionProperties) = preSolution
		HideSolutionNode = FALSE
	EndGlobalSection
	GlobalSection(NestedProjects) = preSolution
		{372E8E3E-29D5-4B4D-88A2-4711CD628C4E} = {014D0DF9-232C-424A-9E87-56A02FE5FB32}
		{90C99ADB-7D4B-4EB4-98C2-40BD1B14C7D2} = {014D0DF9-232C-424A-9E87-56A02FE5FB32}
		{DE40756E-57F6-4AF2-B155-55E3A88CCED8} = {014D0DF9-232C-424A-9E87-56A02FE5FB32}
		{EDDF971A-CA3D-451E-891A-9553C588A27E} = {014D0DF9-232C-424A-9E87-56A02FE5FB32}
		{3B2A5653-EC97-4001-BB9B-D90F1AF2C371} = {EDDF971A-CA3D-451E-891A-9553C588A27E}
		{2B8F4F83-C2B3-4E84-A27B-8DEE1BE0E006} = {EDDF971A-CA3D-451E-891A-9553C588A27E}
		{53DCA265-3C3C-42F9-B647-F72BA678122B} = {EDDF971A-CA3D-451E-891A-9553C588A27E}
		{DF69EC58-47DD-4741-B7A3-9E1876016428} = {014D0DF9-232C-424A-9E87-56A02FE5FB32}
		{DF69EC58-47DD-4741-B7A3-9E1876016429} = {014D0DF9-232C-424A-9E87-56A02FE5FB32}
	EndGlobalSection
	GlobalSection(ExtensibilityGlobals) = postSolution
		SolutionGuid = {A0F4EC03-E0FD-496A-8843-4397F0C78F78}
	EndGlobalSection
EndGlobal
